
Microsoft Visual Studio Solution File, Format Version 12.00
# Visual Studio Version 16
VisualStudioVersion = 16.0.32802.440
MinimumVisualStudioVersion = 10.0.40219.1
Project("{FAE04EC0-301F-11D3-BF4B-00C04F79EFBC}") = "5.6FinalProject", "5.6FinalProject\5.6FinalProject.csproj", "{564F2E9B-76E7-47C3-9D7D-1ED59251CECB}"
EndProject
Global
	GlobalSection(SolutionConfigurationPlatforms) = preSolution
		Debug|Any CPU = Debug|Any CPU
		Release|Any CPU = Release|Any CPU
	EndGlobalSection
	GlobalSection(ProjectConfigurationPlatforms) = postSolution
		{564F2E9B-76E7-47C3-9D7D-1ED59251CECB}.Debug|Any CPU.ActiveCfg = Debug|Any CPU
		{564F2E9B-76E7-47C3-9D7D-1ED59251CECB}.Debug|Any CPU.Build.0 = Debug|Any CPU
		{564F2E9B-76E7-47C3-9D7D-1ED59251CECB}.Release|Any CPU.ActiveCfg = Release|Any CPU
		{564F2E9B-76E7-47C3-9D7D-1ED59251CECB}.Release|Any CPU.Build.0 = Release|Any CPU
	EndGlobalSection
	GlobalSection(SolutionProperties) = preSolution
		HideSolutionNode = FALSE
	EndGlobalSection
	GlobalSection(ExtensibilityGlobals) = postSolution
		SolutionGuid = {009A06BA-81F7-4F77-919A-611DF8620BD3}
	EndGlobalSection
EndGlobal
